// !$*UTF8*$!
{
	archiveVersion = 1;
	classes = {
	};
	objectVersion = 77;
	objects = {

/* Begin PBXBuildFile section */
		3BE33C112DFF5F980081BCDC /* TreinaAi Watch Watch App.app in Embed Watch Content */ = {isa = PBXBuildFile; fileRef = 3BE33BF12DFF5F960081BCDC /* TreinaAi Watch Watch App.app */; settings = {ATTRIBUTES = (RemoveHeadersOnCopy, ); }; };
/* End PBXBuildFile section */

/* Begin PBXContainerItemProxy section */
		3BE33BBF2DFF41DC0081BCDC /* PBXContainerItemProxy */ = {
			isa = PBXContainerItemProxy;
			containerPortal = 3BE33BA82DFF41DB0081BCDC /* Project object */;
			proxyType = 1;
			remoteGlobalIDString = 3BE33BAF2DFF41DB0081BCDC;
			remoteInfo = TreinaAi;
		};
		3BE33BC92DFF41DC0081BCDC /* PBXContainerItemProxy */ = {
			isa = PBXContainerItemProxy;
			containerPortal = 3BE33BA82DFF41DB0081BCDC /* Project object */;
			proxyType = 1;
			remoteGlobalIDString = 3BE33BAF2DFF41DB0081BCDC;
			remoteInfo = TreinaAi;
		};
		3BE33BFE2DFF5F980081BCDC /* PBXContainerItemProxy */ = {
			isa = PBXContainerItemProxy;
			containerPortal = 3BE33BA82DFF41DB0081BCDC /* Project object */;
			proxyType = 1;
			remoteGlobalIDString = 3BE33BF02DFF5F960081BCDC;
			remoteInfo = "TreinaAi Watch Watch App";
		};
		3BE33C082DFF5F980081BCDC /* PBXContainerItemProxy */ = {
			isa = PBXContainerItemProxy;
			containerPortal = 3BE33BA82DFF41DB0081BCDC /* Project object */;
			proxyType = 1;
			remoteGlobalIDString = 3BE33BF02DFF5F960081BCDC;
			remoteInfo = "TreinaAi Watch Watch App";
		};
		3BE33C0F2DFF5F980081BCDC /* PBXContainerItemProxy */ = {
			isa = PBXContainerItemProxy;
			containerPortal = 3BE33BA82DFF41DB0081BCDC /* Project object */;
			proxyType = 1;
			remoteGlobalIDString = 3BE33BF02DFF5F960081BCDC;
			remoteInfo = "TreinaAi Watch Watch App";
		};
/* End PBXContainerItemProxy section */

/* Begin PBXCopyFilesBuildPhase section */
		3BE33C152DFF5F980081BCDC /* Embed Watch Content */ = {
			isa = PBXCopyFilesBuildPhase;
			buildActionMask = 2147483647;
			dstPath = "$(CONTENTS_FOLDER_PATH)/Watch";
			dstSubfolderSpec = 16;
			files = (
				3BE33C112DFF5F980081BCDC /* TreinaAi Watch Watch App.app in Embed Watch Content */,
			);
			name = "Embed Watch Content";
			runOnlyForDeploymentPostprocessing = 0;
		};
/* End PBXCopyFilesBuildPhase section */

/* Begin PBXFileReference section */
		3BE33BB02DFF41DB0081BCDC /* TreinaAi.app */ = {isa = PBXFileReference; explicitFileType = wrapper.application; includeInIndex = 0; path = TreinaAi.app; sourceTree = BUILT_PRODUCTS_DIR; };
		3BE33BBE2DFF41DC0081BCDC /* TreinaAiTests.xctest */ = {isa = PBXFileReference; explicitFileType = wrapper.cfbundle; includeInIndex = 0; path = TreinaAiTests.xctest; sourceTree = BUILT_PRODUCTS_DIR; };
		3BE33BC82DFF41DC0081BCDC /* TreinaAiUITests.xctest */ = {isa = PBXFileReference; explicitFileType = wrapper.cfbundle; includeInIndex = 0; path = TreinaAiUITests.xctest; sourceTree = BUILT_PRODUCTS_DIR; };
		3BE33BF12DFF5F960081BCDC /* TreinaAi Watch Watch App.app */ = {isa = PBXFileReference; explicitFileType = wrapper.application; includeInIndex = 0; path = "TreinaAi Watch Watch App.app"; sourceTree = BUILT_PRODUCTS_DIR; };
		3BE33BFD2DFF5F980081BCDC /* TreinaAi Watch Watch AppTests.xctest */ = {isa = PBXFileReference; explicitFileType = wrapper.cfbundle; includeInIndex = 0; path = "TreinaAi Watch Watch AppTests.xctest"; sourceTree = BUILT_PRODUCTS_DIR; };
		3BE33C072DFF5F980081BCDC /* TreinaAi Watch Watch AppUITests.xctest */ = {isa = PBXFileReference; explicitFileType = wrapper.cfbundle; includeInIndex = 0; path = "TreinaAi Watch Watch AppUITests.xctest"; sourceTree = BUILT_PRODUCTS_DIR; };
/* End PBXFileReference section */

/* Begin PBXFileSystemSynchronizedRootGroup section */
		3BE33BB22DFF41DB0081BCDC /* TreinaAi */ = {
			isa = PBXFileSystemSynchronizedRootGroup;
			path = TreinaAi;
			sourceTree = "<group>";
		};
		3BE33BC12DFF41DC0081BCDC /* TreinaAiTests */ = {
			isa = PBXFileSystemSynchronizedRootGroup;
			path = TreinaAiTests;
			sourceTree = "<group>";
		};
		3BE33BCB2DFF41DC0081BCDC /* TreinaAiUITests */ = {
			isa = PBXFileSystemSynchronizedRootGroup;
			path = TreinaAiUITests;
			sourceTree = "<group>";
		};
		3BE33BF22DFF5F960081BCDC /* TreinaAi Watch Watch App */ = {
			isa = PBXFileSystemSynchronizedRootGroup;
			path = "TreinaAi Watch Watch App";
			sourceTree = "<group>";
		};
		3BE33C002DFF5F980081BCDC /* TreinaAi Watch Watch AppTests */ = {
			isa = PBXFileSystemSynchronizedRootGroup;
			path = "TreinaAi Watch Watch AppTests";
			sourceTree = "<group>";
		};
		3BE33C0A2DFF5F980081BCDC /* TreinaAi Watch Watch AppUITests */ = {
			isa = PBXFileSystemSynchronizedRootGroup;
			path = "TreinaAi Watch Watch AppUITests";
			sourceTree = "<group>";
		};
/* End PBXFileSystemSynchronizedRootGroup section */

/* Begin PBXFrameworksBuildPhase section */
		3BE33BAD2DFF41DB0081BCDC /* Frameworks */ = {
			isa = PBXFrameworksBuildPhase;
			buildActionMask = 2147483647;
			files = (
			);
			runOnlyForDeploymentPostprocessing = 0;
		};
		3BE33BBB2DFF41DC0081BCDC /* Frameworks */ = {
			isa = PBXFrameworksBuildPhase;
			buildActionMask = 2147483647;
			files = (
			);
			runOnlyForDeploymentPostprocessing = 0;
		};
		3BE33BC52DFF41DC0081BCDC /* Frameworks */ = {
			isa = PBXFrameworksBuildPhase;
			buildActionMask = 2147483647;
			files = (
			);
			runOnlyForDeploymentPostprocessing = 0;
		};
		3BE33BEE2DFF5F960081BCDC /* Frameworks */ = {
			isa = PBXFrameworksBuildPhase;
			buildActionMask = 2147483647;
			files = (
			);
			runOnlyForDeploymentPostprocessing = 0;
		};
		3BE33BFA2DFF5F980081BCDC /* Frameworks */ = {
			isa = PBXFrameworksBuildPhase;
			buildActionMask = 2147483647;
			files = (
			);
			runOnlyForDeploymentPostprocessing = 0;
		};
		3BE33C042DFF5F980081BCDC /* Frameworks */ = {
			isa = PBXFrameworksBuildPhase;
			buildActionMask = 2147483647;
			files = (
			);
			runOnlyForDeploymentPostprocessing = 0;
		};
/* End PBXFrameworksBuildPhase section */

/* Begin PBXGroup section */
		3BE33BA72DFF41DA0081BCDC = {
			isa = PBXGroup;
			children = (
				3BE33BB22DFF41DB0081BCDC /* TreinaAi */,
				3BE33BC12DFF41DC0081BCDC /* TreinaAiTests */,
				3BE33BCB2DFF41DC0081BCDC /* TreinaAiUITests */,
				3BE33BF22DFF5F960081BCDC /* TreinaAi Watch Watch App */,
				3BE33C002DFF5F980081BCDC /* TreinaAi Watch Watch AppTests */,
				3BE33C0A2DFF5F980081BCDC /* TreinaAi Watch Watch AppUITests */,
				3BE33BB12DFF41DB0081BCDC /* Products */,
			);
			sourceTree = "<group>";
		};
		3BE33BB12DFF41DB0081BCDC /* Products */ = {
			isa = PBXGroup;
			children = (
				3BE33BB02DFF41DB0081BCDC /* TreinaAi.app */,
				3BE33BBE2DFF41DC0081BCDC /* TreinaAiTests.xctest */,
				3BE33BC82DFF41DC0081BCDC /* TreinaAiUITests.xctest */,
				3BE33BF12DFF5F960081BCDC /* TreinaAi Watch Watch App.app */,
				3BE33BFD2DFF5F980081BCDC /* TreinaAi Watch Watch AppTests.xctest */,
				3BE33C072DFF5F980081BCDC /* TreinaAi Watch Watch AppUITests.xctest */,
			);
			name = Products;
			sourceTree = "<group>";
		};
/* End PBXGroup section */

/* Begin PBXNativeTarget section */
		3BE33BAF2DFF41DB0081BCDC /* TreinaAi */ = {
			isa = PBXNativeTarget;
			buildConfigurationList = 3BE33BD22DFF41DC0081BCDC /* Build configuration list for PBXNativeTarget "TreinaAi" */;
			buildPhases = (
				3BE33BAC2DFF41DB0081BCDC /* Sources */,
				3BE33BAD2DFF41DB0081BCDC /* Frameworks */,
				3BE33BAE2DFF41DB0081BCDC /* Resources */,
				3BE33C152DFF5F980081BCDC /* Embed Watch Content */,
			);
			buildRules = (
			);
			dependencies = (
				3BE33C102DFF5F980081BCDC /* PBXTargetDependency */,
			);
			fileSystemSynchronizedGroups = (
				3BE33BB22DFF41DB0081BCDC /* TreinaAi */,
			);
			name = TreinaAi;
			packageProductDependencies = (
			);
			productName = TreinaAi;
			productReference = 3BE33BB02DFF41DB0081BCDC /* TreinaAi.app */;
			productType = "com.apple.product-type.application";
		};
		3BE33BBD2DFF41DC0081BCDC /* TreinaAiTests */ = {
			isa = PBXNativeTarget;
			buildConfigurationList = 3BE33BD52DFF41DC0081BCDC /* Build configuration list for PBXNativeTarget "TreinaAiTests" */;
			buildPhases = (
				3BE33BBA2DFF41DC0081BCDC /* Sources */,
				3BE33BBB2DFF41DC0081BCDC /* Frameworks */,
				3BE33BBC2DFF41DC0081BCDC /* Resources */,
			);
			buildRules = (
			);
			dependencies = (
				3BE33BC02DFF41DC0081BCDC /* PBXTargetDependency */,
			);
			fileSystemSynchronizedGroups = (
				3BE33BC12DFF41DC0081BCDC /* TreinaAiTests */,
			);
			name = TreinaAiTests;
			packageProductDependencies = (
			);
			productName = TreinaAiTests;
			productReference = 3BE33BBE2DFF41DC0081BCDC /* TreinaAiTests.xctest */;
			productType = "com.apple.product-type.bundle.unit-test";
		};
		3BE33BC72DFF41DC0081BCDC /* TreinaAiUITests */ = {
			isa = PBXNativeTarget;
			buildConfigurationList = 3BE33BD82DFF41DC0081BCDC /* Build configuration list for PBXNativeTarget "TreinaAiUITests" */;
			buildPhases = (
				3BE33BC42DFF41DC0081BCDC /* Sources */,
				3BE33BC52DFF41DC0081BCDC /* Frameworks */,
				3BE33BC62DFF41DC0081BCDC /* Resources */,
			);
			buildRules = (
			);
			dependencies = (
				3BE33BCA2DFF41DC0081BCDC /* PBXTargetDependency */,
			);
			fileSystemSynchronizedGroups = (
				3BE33BCB2DFF41DC0081BCDC /* TreinaAiUITests */,
			);
			name = TreinaAiUITests;
			packageProductDependencies = (
			);
			productName = TreinaAiUITests;
			productReference = 3BE33BC82DFF41DC0081BCDC /* TreinaAiUITests.xctest */;
			productType = "com.apple.product-type.bundle.ui-testing";
		};
		3BE33BF02DFF5F960081BCDC /* TreinaAi Watch Watch App */ = {
			isa = PBXNativeTarget;
			buildConfigurationList = 3BE33C122DFF5F980081BCDC /* Build configuration list for PBXNativeTarget "TreinaAi Watch Watch App" */;
			buildPhases = (
				3BE33BED2DFF5F960081BCDC /* Sources */,
				3BE33BEE2DFF5F960081BCDC /* Frameworks */,
				3BE33BEF2DFF5F960081BCDC /* Resources */,
			);
			buildRules = (
			);
			dependencies = (
			);
			fileSystemSynchronizedGroups = (
				3BE33BF22DFF5F960081BCDC /* TreinaAi Watch Watch App */,
			);
			name = "TreinaAi Watch Watch App";
			packageProductDependencies = (
			);
			productName = "TreinaAi Watch Watch App";
			productReference = 3BE33BF12DFF5F960081BCDC /* TreinaAi Watch Watch App.app */;
			productType = "com.apple.product-type.application";
		};
		3BE33BFC2DFF5F980081BCDC /* TreinaAi Watch Watch AppTests */ = {
			isa = PBXNativeTarget;
			buildConfigurationList = 3BE33C162DFF5F980081BCDC /* Build configuration list for PBXNativeTarget "TreinaAi Watch Watch AppTests" */;
			buildPhases = (
				3BE33BF92DFF5F980081BCDC /* Sources */,
				3BE33BFA2DFF5F980081BCDC /* Frameworks */,
				3BE33BFB2DFF5F980081BCDC /* Resources */,
			);
			buildRules = (
			);
			dependencies = (
				3BE33BFF2DFF5F980081BCDC /* PBXTargetDependency */,
			);
			fileSystemSynchronizedGroups = (
				3BE33C002DFF5F980081BCDC /* TreinaAi Watch Watch AppTests */,
			);
			name = "TreinaAi Watch Watch AppTests";
			packageProductDependencies = (
			);
			productName = "TreinaAi Watch Watch AppTests";
			productReference = 3BE33BFD2DFF5F980081BCDC /* TreinaAi Watch Watch AppTests.xctest */;
			productType = "com.apple.product-type.bundle.unit-test";
		};
		3BE33C062DFF5F980081BCDC /* TreinaAi Watch Watch AppUITests */ = {
			isa = PBXNativeTarget;
			buildConfigurationList = 3BE33C192DFF5F980081BCDC /* Build configuration list for PBXNativeTarget "TreinaAi Watch Watch AppUITests" */;
			buildPhases = (
				3BE33C032DFF5F980081BCDC /* Sources */,
				3BE33C042DFF5F980081BCDC /* Frameworks */,
				3BE33C052DFF5F980081BCDC /* Resources */,
			);
			buildRules = (
			);
			dependencies = (
				3BE33C092DFF5F980081BCDC /* PBXTargetDependency */,
			);
			fileSystemSynchronizedGroups = (
				3BE33C0A2DFF5F980081BCDC /* TreinaAi Watch Watch AppUITests */,
			);
			name = "TreinaAi Watch Watch AppUITests";
			packageProductDependencies = (
			);
			productName = "TreinaAi Watch Watch AppUITests";
			productReference = 3BE33C072DFF5F980081BCDC /* TreinaAi Watch Watch AppUITests.xctest */;
			productType = "com.apple.product-type.bundle.ui-testing";
		};
/* End PBXNativeTarget section */

/* Begin PBXProject section */
		3BE33BA82DFF41DB0081BCDC /* Project object */ = {
			isa = PBXProject;
			attributes = {
				BuildIndependentTargetsInParallel = 1;
				LastSwiftUpdateCheck = 1640;
				LastUpgradeCheck = 1640;
				TargetAttributes = {
					3BE33BAF2DFF41DB0081BCDC = {
						CreatedOnToolsVersion = 16.4;
					};
					3BE33BBD2DFF41DC0081BCDC = {
						CreatedOnToolsVersion = 16.4;
						TestTargetID = 3BE33BAF2DFF41DB0081BCDC;
					};
					3BE33BC72DFF41DC0081BCDC = {
						CreatedOnToolsVersion = 16.4;
						TestTargetID = 3BE33BAF2DFF41DB0081BCDC;
					};
					3BE33BF02DFF5F960081BCDC = {
						CreatedOnToolsVersion = 16.4;
					};
					3BE33BFC2DFF5F980081BCDC = {
						CreatedOnToolsVersion = 16.4;
						TestTargetID = 3BE33BF02DFF5F960081BCDC;
					};
					3BE33C062DFF5F980081BCDC = {
						CreatedOnToolsVersion = 16.4;
						TestTargetID = 3BE33BF02DFF5F960081BCDC;
					};
				};
			};
			buildConfigurationList = 3BE33BAB2DFF41DB0081BCDC /* Build configuration list for PBXProject "TreinaAi" */;
			developmentRegion = en;
			hasScannedForEncodings = 0;
			knownRegions = (
				en,
				Base,
			);
			mainGroup = 3BE33BA72DFF41DA0081BCDC;
			minimizedProjectReferenceProxies = 1;
			preferredProjectObjectVersion = 77;
			productRefGroup = 3BE33BB12DFF41DB0081BCDC /* Products */;
			projectDirPath = "";
			projectRoot = "";
			targets = (
				3BE33BAF2DFF41DB0081BCDC /* TreinaAi */,
				3BE33BBD2DFF41DC0081BCDC /* TreinaAiTests */,
				3BE33BC72DFF41DC0081BCDC /* TreinaAiUITests */,
				3BE33BF02DFF5F960081BCDC /* TreinaAi Watch Watch App */,
				3BE33BFC2DFF5F980081BCDC /* TreinaAi Watch Watch AppTests */,
				3BE33C062DFF5F980081BCDC /* TreinaAi Watch Watch AppUITests */,
			);
		};
/* End PBXProject section */

/* Begin PBXResourcesBuildPhase section */
		3BE33BAE2DFF41DB0081BCDC /* Resources */ = {
			isa = PBXResourcesBuildPhase;
			buildActionMask = 2147483647;
			files = (
			);
			runOnlyForDeploymentPostprocessing = 0;
		};
		3BE33BBC2DFF41DC0081BCDC /* Resources */ = {
			isa = PBXResourcesBuildPhase;
			buildActionMask = 2147483647;
			files = (
			);
			runOnlyForDeploymentPostprocessing = 0;
		};
		3BE33BC62DFF41DC0081BCDC /* Resources */ = {
			isa = PBXResourcesBuildPhase;
			buildActionMask = 2147483647;
			files = (
			);
			runOnlyForDeploymentPostprocessing = 0;
		};
		3BE33BEF2DFF5F960081BCDC /* Resources */ = {
			isa = PBXResourcesBuildPhase;
			buildActionMask = 2147483647;
			files = (
			);
			runOnlyForDeploymentPostprocessing = 0;
		};
		3BE33BFB2DFF5F980081BCDC /* Resources */ = {
			isa = PBXResourcesBuildPhase;
			buildActionMask = 2147483647;
			files = (
			);
			runOnlyForDeploymentPostprocessing = 0;
		};
		3BE33C052DFF5F980081BCDC /* Resources */ = {
			isa = PBXResourcesBuildPhase;
			buildActionMask = 2147483647;
			files = (
			);
			runOnlyForDeploymentPostprocessing = 0;
		};
/* End PBXResourcesBuildPhase section */

/* Begin PBXSourcesBuildPhase section */
		3BE33BAC2DFF41DB0081BCDC /* Sources */ = {
			isa = PBXSourcesBuildPhase;
			buildActionMask = 2147483647;
			files = (
			);
			runOnlyForDeploymentPostprocessing = 0;
		};
		3BE33BBA2DFF41DC0081BCDC /* Sources */ = {
			isa = PBXSourcesBuildPhase;
			buildActionMask = 2147483647;
			files = (
			);
			runOnlyForDeploymentPostprocessing = 0;
		};
		3BE33BC42DFF41DC0081BCDC /* Sources */ = {
			isa = PBXSourcesBuildPhase;
			buildActionMask = 2147483647;
			files = (
			);
			runOnlyForDeploymentPostprocessing = 0;
		};
		3BE33BED2DFF5F960081BCDC /* Sources */ = {
			isa = PBXSourcesBuildPhase;
			buildActionMask = 2147483647;
			files = (
			);
			runOnlyForDeploymentPostprocessing = 0;
		};
		3BE33BF92DFF5F980081BCDC /* Sources */ = {
			isa = PBXSourcesBuildPhase;
			buildActionMask = 2147483647;
			files = (
			);
			runOnlyForDeploymentPostprocessing = 0;
		};
		3BE33C032DFF5F980081BCDC /* Sources */ = {
			isa = PBXSourcesBuildPhase;
			buildActionMask = 2147483647;
			files = (
			);
			runOnlyForDeploymentPostprocessing = 0;
		};
/* End PBXSourcesBuildPhase section */

/* Begin PBXTargetDependency section */
		3BE33BC02DFF41DC0081BCDC /* PBXTargetDependency */ = {
			isa = PBXTargetDependency;
			target = 3BE33BAF2DFF41DB0081BCDC /* TreinaAi */;
			targetProxy = 3BE33BBF2DFF41DC0081BCDC /* PBXContainerItemProxy */;
		};
		3BE33BCA2DFF41DC0081BCDC /* PBXTargetDependency */ = {
			isa = PBXTargetDependency;
			target = 3BE33BAF2DFF41DB0081BCDC /* TreinaAi */;
			targetProxy = 3BE33BC92DFF41DC0081BCDC /* PBXContainerItemProxy */;
		};
		3BE33BFF2DFF5F980081BCDC /* PBXTargetDependency */ = {
			isa = PBXTargetDependency;
			target = 3BE33BF02DFF5F960081BCDC /* TreinaAi Watch Watch App */;
			targetProxy = 3BE33BFE2DFF5F980081BCDC /* PBXContainerItemProxy */;
		};
		3BE33C092DFF5F980081BCDC /* PBXTargetDependency */ = {
			isa = PBXTargetDependency;
			target = 3BE33BF02DFF5F960081BCDC /* TreinaAi Watch Watch App */;
			targetProxy = 3BE33C082DFF5F980081BCDC /* PBXContainerItemProxy */;
		};
		3BE33C102DFF5F980081BCDC /* PBXTargetDependency */ = {
			isa = PBXTargetDependency;
			target = 3BE33BF02DFF5F960081BCDC /* TreinaAi Watch Watch App */;
			targetProxy = 3BE33C0F2DFF5F980081BCDC /* PBXContainerItemProxy */;
		};
/* End PBXTargetDependency section */

/* Begin XCBuildConfiguration section */
		3BE33BD02DFF41DC0081BCDC /* Debug */ = {
			isa = XCBuildConfiguration;
			buildSettings = {
				ALWAYS_SEARCH_USER_PATHS = NO;
				ASSETCATALOG_COMPILER_GENERATE_SWIFT_ASSET_SYMBOL_EXTENSIONS = YES;
				CLANG_ANALYZER_NONNULL = YES;
				CLANG_ANALYZER_NUMBER_OBJECT_CONVERSION = YES_AGGRESSIVE;
				CLANG_CXX_LANGUAGE_STANDARD = "gnu++20";
				CLANG_ENABLE_MODULES = YES;
				CLANG_ENABLE_OBJC_ARC = YES;
				CLANG_ENABLE_OBJC_WEAK = YES;
				CLANG_WARN_BLOCK_CAPTURE_AUTORELEASING = YES;
				CLANG_WARN_BOOL_CONVERSION = YES;
				CLANG_WARN_COMMA = YES;
				CLANG_WARN_CONSTANT_CONVERSION = YES;
				CLANG_WARN_DEPRECATED_OBJC_IMPLEMENTATIONS = YES;
				CLANG_WARN_DIRECT_OBJC_ISA_USAGE = YES_ERROR;
				CLANG_WARN_DOCUMENTATION_COMMENTS = YES;
				CLANG_WARN_EMPTY_BODY = YES;
				CLANG_WARN_ENUM_CONVERSION = YES;
				CLANG_WARN_INFINITE_RECURSION = YES;
				CLANG_WARN_INT_CONVERSION = YES;
				CLANG_WARN_NON_LITERAL_NULL_CONVERSION = YES;
				CLANG_WARN_OBJC_IMPLICIT_RETAIN_SELF = YES;
				CLANG_WARN_OBJC_LITERAL_CONVERSION = YES;
				CLANG_WARN_OBJC_ROOT_CLASS = YES_ERROR;
				CLANG_WARN_QUOTED_INCLUDE_IN_FRAMEWORK_HEADER = YES;
				CLANG_WARN_RANGE_LOOP_ANALYSIS = YES;
				CLANG_WARN_STRICT_PROTOTYPES = YES;
				CLANG_WARN_SUSPICIOUS_MOVE = YES;
				CLANG_WARN_UNGUARDED_AVAILABILITY = YES_AGGRESSIVE;
				CLANG_WARN_UNREACHABLE_CODE = YES;
				CLANG_WARN__DUPLICATE_METHOD_MATCH = YES;
				COPY_PHASE_STRIP = NO;
				DEBUG_INFORMATION_FORMAT = dwarf;
				ENABLE_STRICT_OBJC_MSGSEND = YES;
				ENABLE_TESTABILITY = YES;
				ENABLE_USER_SCRIPT_SANDBOXING = YES;
				GCC_C_LANGUAGE_STANDARD = gnu17;
				GCC_DYNAMIC_NO_PIC = NO;
				GCC_NO_COMMON_BLOCKS = YES;
				GCC_OPTIMIZATION_LEVEL = 0;
				GCC_PREPROCESSOR_DEFINITIONS = (
					"DEBUG=1",
					"$(inherited)",
				);
				GCC_WARN_64_TO_32_BIT_CONVERSION = YES;
				GCC_WARN_ABOUT_RETURN_TYPE = YES_ERROR;
				GCC_WARN_UNDECLARED_SELECTOR = YES;
				GCC_WARN_UNINITIALIZED_AUTOS = YES_AGGRESSIVE;
				GCC_WARN_UNUSED_FUNCTION = YES;
				GCC_WARN_UNUSED_VARIABLE = YES;
				LOCALIZATION_PREFERS_STRING_CATALOGS = YES;
				MTL_ENABLE_DEBUG_INFO = INCLUDE_SOURCE;
				MTL_FAST_MATH = YES;
				ONLY_ACTIVE_ARCH = YES;
				SWIFT_ACTIVE_COMPILATION_CONDITIONS = "DEBUG $(inherited)";
				SWIFT_OPTIMIZATION_LEVEL = "-Onone";
			};
			name = Debug;
		};
		3BE33BD12DFF41DC0081BCDC /* Release */ = {
			isa = XCBuildConfiguration;
			buildSettings = {
				ALWAYS_SEARCH_USER_PATHS = NO;
				ASSETCATALOG_COMPILER_GENERATE_SWIFT_ASSET_SYMBOL_EXTENSIONS = YES;
				CLANG_ANALYZER_NONNULL = YES;
				CLANG_ANALYZER_NUMBER_OBJECT_CONVERSION = YES_AGGRESSIVE;
				CLANG_CXX_LANGUAGE_STANDARD = "gnu++20";
				CLANG_ENABLE_MODULES = YES;
				CLANG_ENABLE_OBJC_ARC = YES;
				CLANG_ENABLE_OBJC_WEAK = YES;
				CLANG_WARN_BLOCK_CAPTURE_AUTORELEASING = YES;
				CLANG_WARN_BOOL_CONVERSION = YES;
				CLANG_WARN_COMMA = YES;
				CLANG_WARN_CONSTANT_CONVERSION = YES;
				CLANG_WARN_DEPRECATED_OBJC_IMPLEMENTATIONS = YES;
				CLANG_WARN_DIRECT_OBJC_ISA_USAGE = YES_ERROR;
				CLANG_WARN_DOCUMENTATION_COMMENTS = YES;
				CLANG_WARN_EMPTY_BODY = YES;
				CLANG_WARN_ENUM_CONVERSION = YES;
				CLANG_WARN_INFINITE_RECURSION = YES;
				CLANG_WARN_INT_CONVERSION = YES;
				CLANG_WARN_NON_LITERAL_NULL_CONVERSION = YES;
				CLANG_WARN_OBJC_IMPLICIT_RETAIN_SELF = YES;
				CLANG_WARN_OBJC_LITERAL_CONVERSION = YES;
				CLANG_WARN_OBJC_ROOT_CLASS = YES_ERROR;
				CLANG_WARN_QUOTED_INCLUDE_IN_FRAMEWORK_HEADER = YES;
				CLANG_WARN_RANGE_LOOP_ANALYSIS = YES;
				CLANG_WARN_STRICT_PROTOTYPES = YES;
				CLANG_WARN_SUSPICIOUS_MOVE = YES;
				CLANG_WARN_UNGUARDED_AVAILABILITY = YES_AGGRESSIVE;
				CLANG_WARN_UNREACHABLE_CODE = YES;
				CLANG_WARN__DUPLICATE_METHOD_MATCH = YES;
				COPY_PHASE_STRIP = NO;
				DEBUG_INFORMATION_FORMAT = "dwarf-with-dsym";
				ENABLE_NS_ASSERTIONS = NO;
				ENABLE_STRICT_OBJC_MSGSEND = YES;
				ENABLE_USER_SCRIPT_SANDBOXING = YES;
				GCC_C_LANGUAGE_STANDARD = gnu17;
				GCC_NO_COMMON_BLOCKS = YES;
				GCC_WARN_64_TO_32_BIT_CONVERSION = YES;
				GCC_WARN_ABOUT_RETURN_TYPE = YES_ERROR;
				GCC_WARN_UNDECLARED_SELECTOR = YES;
				GCC_WARN_UNINITIALIZED_AUTOS = YES_AGGRESSIVE;
				GCC_WARN_UNUSED_FUNCTION = YES;
				GCC_WARN_UNUSED_VARIABLE = YES;
				LOCALIZATION_PREFERS_STRING_CATALOGS = YES;
				MTL_ENABLE_DEBUG_INFO = NO;
				MTL_FAST_MATH = YES;
				SWIFT_COMPILATION_MODE = wholemodule;
			};
			name = Release;
		};
		3BE33BD32DFF41DC0081BCDC /* Debug */ = {
			isa = XCBuildConfiguration;
			buildSettings = {
				ASSETCATALOG_COMPILER_APPICON_NAME = AppIcon;
				ASSETCATALOG_COMPILER_GLOBAL_ACCENT_COLOR_NAME = AccentColor;
				ASSETCATALOG_COMPILER_INCLUDE_ALL_APPICON_ASSETS = NO;
				CODE_SIGN_ENTITLEMENTS = TreinaAi/TreinaAi.entitlements;
				CODE_SIGN_STYLE = Automatic;
				CURRENT_PROJECT_VERSION = 1;
				DEVELOPMENT_TEAM = 7CS96QS973;
				ENABLE_PREVIEWS = YES;
				GENERATE_INFOPLIST_FILE = YES;
				INFOPLIST_KEY_CFBundleDisplayName = TreinaAi;
				"INFOPLIST_KEY_UIApplicationSceneManifest_Generation[sdk=iphoneos*]" = YES;
				"INFOPLIST_KEY_UIApplicationSceneManifest_Generation[sdk=iphonesimulator*]" = YES;
				"INFOPLIST_KEY_UIApplicationSupportsIndirectInputEvents[sdk=iphoneos*]" = YES;
				"INFOPLIST_KEY_UIApplicationSupportsIndirectInputEvents[sdk=iphonesimulator*]" = YES;
				"INFOPLIST_KEY_UILaunchScreen_Generation[sdk=iphoneos*]" = YES;
				"INFOPLIST_KEY_UILaunchScreen_Generation[sdk=iphonesimulator*]" = YES;
				"INFOPLIST_KEY_UIStatusBarStyle[sdk=iphoneos*]" = UIStatusBarStyleDefault;
				"INFOPLIST_KEY_UIStatusBarStyle[sdk=iphonesimulator*]" = UIStatusBarStyleDefault;
				INFOPLIST_KEY_UISupportedInterfaceOrientations_iPad = "UIInterfaceOrientationPortrait UIInterfaceOrientationPortraitUpsideDown UIInterfaceOrientationLandscapeLeft UIInterfaceOrientationLandscapeRight";
				INFOPLIST_KEY_UISupportedInterfaceOrientations_iPhone = "UIInterfaceOrientationPortrait UIInterfaceOrientationLandscapeLeft UIInterfaceOrientationLandscapeRight";
				IPHONEOS_DEPLOYMENT_TARGET = 17.6;
				LD_RUNPATH_SEARCH_PATHS = "@executable_path/Frameworks";
				"LD_RUNPATH_SEARCH_PATHS[sdk=macosx*]" = "@executable_path/../Frameworks";
				MACOSX_DEPLOYMENT_TARGET = 15.5;
				MARKETING_VERSION = 1.0;
				PRODUCT_BUNDLE_IDENTIFIER = Nothie.TreinaAi;
				PRODUCT_NAME = "$(TARGET_NAME)";
				REGISTER_APP_GROUPS = YES;
				SDKROOT = auto;
				SUPPORTED_PLATFORMS = "iphoneos iphonesimulator macosx xros xrsimulator";
				SWIFT_EMIT_LOC_STRINGS = YES;
				SWIFT_VERSION = 5.0;
				TARGETED_DEVICE_FAMILY = "1,2,7";
				XROS_DEPLOYMENT_TARGET = 2.5;
			};
			name = Debug;
		};
		3BE33BD42DFF41DC0081BCDC /* Release */ = {
			isa = XCBuildConfiguration;
			buildSettings = {
				ASSETCATALOG_COMPILER_APPICON_NAME = AppIcon;
				ASSETCATALOG_COMPILER_GLOBAL_ACCENT_COLOR_NAME = AccentColor;
				ASSETCATALOG_COMPILER_INCLUDE_ALL_APPICON_ASSETS = NO;
				CODE_SIGN_ENTITLEMENTS = TreinaAi/TreinaAi.entitlements;
				CODE_SIGN_STYLE = Automatic;
				CURRENT_PROJECT_VERSION = 1;
				DEVELOPMENT_TEAM = 7CS96QS973;
				ENABLE_PREVIEWS = YES;
				GENERATE_INFOPLIST_FILE = YES;
				INFOPLIST_KEY_CFBundleDisplayName = TreinaAi;
				"INFOPLIST_KEY_UIApplicationSceneManifest_Generation[sdk=iphoneos*]" = YES;
				"INFOPLIST_KEY_UIApplicationSceneManifest_Generation[sdk=iphonesimulator*]" = YES;
				"INFOPLIST_KEY_UIApplicationSupportsIndirectInputEvents[sdk=iphoneos*]" = YES;
				"INFOPLIST_KEY_UIApplicationSupportsIndirectInputEvents[sdk=iphonesimulator*]" = YES;
				"INFOPLIST_KEY_UILaunchScreen_Generation[sdk=iphoneos*]" = YES;
				"INFOPLIST_KEY_UILaunchScreen_Generation[sdk=iphonesimulator*]" = YES;
				"INFOPLIST_KEY_UIStatusBarStyle[sdk=iphoneos*]" = UIStatusBarStyleDefault;
				"INFOPLIST_KEY_UIStatusBarStyle[sdk=iphonesimulator*]" = UIStatusBarStyleDefault;
				INFOPLIST_KEY_UISupportedInterfaceOrientations_iPad = "UIInterfaceOrientationPortrait UIInterfaceOrientationPortraitUpsideDown UIInterfaceOrientationLandscapeLeft UIInterfaceOrientationLandscapeRight";
				INFOPLIST_KEY_UISupportedInterfaceOrientations_iPhone = "UIInterfaceOrientationPortrait UIInterfaceOrientationLandscapeLeft UIInterfaceOrientationLandscapeRight";
				IPHONEOS_DEPLOYMENT_TARGET = 17.6;
				LD_RUNPATH_SEARCH_PATHS = "@executable_path/Frameworks";
				"LD_RUNPATH_SEARCH_PATHS[sdk=macosx*]" = "@executable_path/../Frameworks";
				MACOSX_DEPLOYMENT_TARGET = 15.5;
				MARKETING_VERSION = 1.0;
				PRODUCT_BUNDLE_IDENTIFIER = Nothie.TreinaAi;
				PRODUCT_NAME = "$(TARGET_NAME)";
				REGISTER_APP_GROUPS = YES;
				SDKROOT = auto;
				SUPPORTED_PLATFORMS = "iphoneos iphonesimulator macosx xros xrsimulator";
				SWIFT_EMIT_LOC_STRINGS = YES;
				SWIFT_VERSION = 5.0;
				TARGETED_DEVICE_FAMILY = "1,2,7";
				XROS_DEPLOYMENT_TARGET = 2.5;
			};
			name = Release;
		};
		3BE33BD62DFF41DC0081BCDC /* Debug */ = {
			isa = XCBuildConfiguration;
			buildSettings = {
				BUNDLE_LOADER = "$(TEST_HOST)";
				CODE_SIGN_STYLE = Automatic;
				CURRENT_PROJECT_VERSION = 1;
				GENERATE_INFOPLIST_FILE = YES;
				IPHONEOS_DEPLOYMENT_TARGET = 18.5;
				MACOSX_DEPLOYMENT_TARGET = 15.5;
				MARKETING_VERSION = 1.0;
				PRODUCT_BUNDLE_IDENTIFIER = Nothie.TreinaAiTests;
				PRODUCT_NAME = "$(TARGET_NAME)";
				SDKROOT = auto;
				SUPPORTED_PLATFORMS = "iphoneos iphonesimulator macosx xros xrsimulator";
				SWIFT_EMIT_LOC_STRINGS = NO;
				SWIFT_VERSION = 5.0;
				TARGETED_DEVICE_FAMILY = "1,2,7";
				TEST_HOST = "$(BUILT_PRODUCTS_DIR)/TreinaAi.app/$(BUNDLE_EXECUTABLE_FOLDER_PATH)/TreinaAi";
				XROS_DEPLOYMENT_TARGET = 2.5;
			};
			name = Debug;
		};
		3BE33BD72DFF41DC0081BCDC /* Release */ = {
			isa = XCBuildConfiguration;
			buildSettings = {
				BUNDLE_LOADER = "$(TEST_HOST)";
				CODE_SIGN_STYLE = Automatic;
				CURRENT_PROJECT_VERSION = 1;
				GENERATE_INFOPLIST_FILE = YES;
				IPHONEOS_DEPLOYMENT_TARGET = 18.5;
				MACOSX_DEPLOYMENT_TARGET = 15.5;
				MARKETING_VERSION = 1.0;
				PRODUCT_BUNDLE_IDENTIFIER = Nothie.TreinaAiTests;
				PRODUCT_NAME = "$(TARGET_NAME)";
				SDKROOT = auto;
				SUPPORTED_PLATFORMS = "iphoneos iphonesimulator macosx xros xrsimulator";
				SWIFT_EMIT_LOC_STRINGS = NO;
				SWIFT_VERSION = 5.0;
				TARGETED_DEVICE_FAMILY = "1,2,7";
				TEST_HOST = "$(BUILT_PRODUCTS_DIR)/TreinaAi.app/$(BUNDLE_EXECUTABLE_FOLDER_PATH)/TreinaAi";
				XROS_DEPLOYMENT_TARGET = 2.5;
			};
			name = Release;
		};
		3BE33BD92DFF41DC0081BCDC /* Debug */ = {
			isa = XCBuildConfiguration;
			buildSettings = {
				CODE_SIGN_STYLE = Automatic;
				CURRENT_PROJECT_VERSION = 1;
				GENERATE_INFOPLIST_FILE = YES;
				IPHONEOS_DEPLOYMENT_TARGET = 18.5;
				MACOSX_DEPLOYMENT_TARGET = 15.5;
				MARKETING_VERSION = 1.0;
				PRODUCT_BUNDLE_IDENTIFIER = Nothie.TreinaAiUITests;
				PRODUCT_NAME = "$(TARGET_NAME)";
				SDKROOT = auto;
				SUPPORTED_PLATFORMS = "iphoneos iphonesimulator macosx xros xrsimulator";
				SWIFT_EMIT_LOC_STRINGS = NO;
				SWIFT_VERSION = 5.0;
				TARGETED_DEVICE_FAMILY = "1,2,7";
				TEST_TARGET_NAME = TreinaAi;
				XROS_DEPLOYMENT_TARGET = 2.5;
			};
			name = Debug;
		};
		3BE33BDA2DFF41DC0081BCDC /* Release */ = {
			isa = XCBuildConfiguration;
			buildSettings = {
				CODE_SIGN_STYLE = Automatic;
				CURRENT_PROJECT_VERSION = 1;
				GENERATE_INFOPLIST_FILE = YES;
				IPHONEOS_DEPLOYMENT_TARGET = 18.5;
				MACOSX_DEPLOYMENT_TARGET = 15.5;
				MARKETING_VERSION = 1.0;
				PRODUCT_BUNDLE_IDENTIFIER = Nothie.TreinaAiUITests;
				PRODUCT_NAME = "$(TARGET_NAME)";
				SDKROOT = auto;
				SUPPORTED_PLATFORMS = "iphoneos iphonesimulator macosx xros xrsimulator";
				SWIFT_EMIT_LOC_STRINGS = NO;
				SWIFT_VERSION = 5.0;
				TARGETED_DEVICE_FAMILY = "1,2,7";
				TEST_TARGET_NAME = TreinaAi;
				XROS_DEPLOYMENT_TARGET = 2.5;
			};
			name = Release;
		};
		3BE33C132DFF5F980081BCDC /* Debug */ = {
			isa = XCBuildConfiguration;
			buildSettings = {
				ASSETCATALOG_COMPILER_APPICON_NAME = AppIcon;
				ASSETCATALOG_COMPILER_GLOBAL_ACCENT_COLOR_NAME = AccentColor;
				CODE_SIGN_STYLE = Automatic;
				CURRENT_PROJECT_VERSION = 1;
				DEVELOPMENT_TEAM = 7CS96QS973;
				ENABLE_PREVIEWS = YES;
				GENERATE_INFOPLIST_FILE = YES;
				INFOPLIST_KEY_CFBundleDisplayName = TreinaAi;
				INFOPLIST_KEY_UISupportedInterfaceOrientations = "UIInterfaceOrientationPortrait UIInterfaceOrientationPortraitUpsideDown";
				INFOPLIST_KEY_WKCompanionAppBundleIdentifier = Nothie.TreinaAi;
				INFOPLIST_KEY_WKRunsIndependentlyOfCompanionApp = YES;
				LD_RUNPATH_SEARCH_PATHS = (
					"$(inherited)",
					"@executable_path/Frameworks",
				);
				MARKETING_VERSION = 1.0;
				PRODUCT_BUNDLE_IDENTIFIER = Nothie.TreinaAi.watchkitapp;
				PRODUCT_NAME = "$(TARGET_NAME)";
				SDKROOT = watchos;
				SKIP_INSTALL = YES;
				SWIFT_EMIT_LOC_STRINGS = YES;
				SWIFT_VERSION = 5.0;
				TARGETED_DEVICE_FAMILY = 4;
				WATCHOS_DEPLOYMENT_TARGET = 10.6;
			};
			name = Debug;
		};
		3BE33C142DFF5F980081BCDC /* Release */ = {
			isa = XCBuildConfiguration;
			buildSettings = {
				ASSETCATALOG_COMPILER_APPICON_NAME = AppIcon;
				ASSETCATALOG_COMPILER_GLOBAL_ACCENT_COLOR_NAME = AccentColor;
				CODE_SIGN_STYLE = Automatic;
				CURRENT_PROJECT_VERSION = 1;
				DEVELOPMENT_TEAM = 7CS96QS973;
				ENABLE_PREVIEWS = YES;
				GENERATE_INFOPLIST_FILE = YES;
				INFOPLIST_KEY_CFBundleDisplayName = TreinaAi;
				INFOPLIST_KEY_UISupportedInterfaceOrientations = "UIInterfaceOrientationPortrait UIInterfaceOrientationPortraitUpsideDown";
				INFOPLIST_KEY_WKCompanionAppBundleIdentifier = Nothie.TreinaAi;
				INFOPLIST_KEY_WKRunsIndependentlyOfCompanionApp = YES;
				LD_RUNPATH_SEARCH_PATHS = (
					"$(inherited)",
					"@executable_path/Frameworks",
				);
				MARKETING_VERSION = 1.0;
				PRODUCT_BUNDLE_IDENTIFIER = Nothie.TreinaAi.watchkitapp;
				PRODUCT_NAME = "$(TARGET_NAME)";
				SDKROOT = watchos;
				SKIP_INSTALL = YES;
				SWIFT_EMIT_LOC_STRINGS = YES;
				SWIFT_VERSION = 5.0;
				TARGETED_DEVICE_FAMILY = 4;
				VALIDATE_PRODUCT = YES;
				WATCHOS_DEPLOYMENT_TARGET = 10.6;
			};
			name = Release;
		};
		3BE33C172DFF5F980081BCDC /* Debug */ = {
			isa = XCBuildConfiguration;
			buildSettings = {
				BUNDLE_LOADER = "$(TEST_HOST)";
				CODE_SIGN_STYLE = Automatic;
				CURRENT_PROJECT_VERSION = 1;
				DEVELOPMENT_TEAM = 7CS96QS973;
				GENERATE_INFOPLIST_FILE = YES;
				MARKETING_VERSION = 1.0;
				PRODUCT_BUNDLE_IDENTIFIER = "Nothie.TreinaAi-Watch-Watch-AppTests";
				PRODUCT_NAME = "$(TARGET_NAME)";
				SDKROOT = watchos;
				SWIFT_EMIT_LOC_STRINGS = NO;
				SWIFT_VERSION = 5.0;
				TARGETED_DEVICE_FAMILY = 4;
				TEST_HOST = "$(BUILT_PRODUCTS_DIR)/TreinaAi Watch Watch App.app/$(BUNDLE_EXECUTABLE_FOLDER_PATH)/TreinaAi Watch Watch App";
				WATCHOS_DEPLOYMENT_TARGET = 9.6;
			};
			name = Debug;
		};
		3BE33C182DFF5F980081BCDC /* Release */ = {
			isa = XCBuildConfiguration;
			buildSettings = {
				BUNDLE_LOADER = "$(TEST_HOST)";
				CODE_SIGN_STYLE = Automatic;
				CURRENT_PROJECT_VERSION = 1;
				DEVELOPMENT_TEAM = 7CS96QS973;
				GENERATE_INFOPLIST_FILE = YES;
				MARKETING_VERSION = 1.0;
				PRODUCT_BUNDLE_IDENTIFIER = "Nothie.TreinaAi-Watch-Watch-AppTests";
				PRODUCT_NAME = "$(TARGET_NAME)";
				SDKROOT = watchos;
				SWIFT_EMIT_LOC_STRINGS = NO;
				SWIFT_VERSION = 5.0;
				TARGETED_DEVICE_FAMILY = 4;
				TEST_HOST = "$(BUILT_PRODUCTS_DIR)/TreinaAi Watch Watch App.app/$(BUNDLE_EXECUTABLE_FOLDER_PATH)/TreinaAi Watch Watch App";
				VALIDATE_PRODUCT = YES;
				WATCHOS_DEPLOYMENT_TARGET = 9.6;
			};
			name = Release;
		};
		3BE33C1A2DFF5F980081BCDC /* Debug */ = {
			isa = XCBuildConfiguration;
			buildSettings = {
				CODE_SIGN_STYLE = Automatic;
				CURRENT_PROJECT_VERSION = 1;
				DEVELOPMENT_TEAM = 7CS96QS973;
				GENERATE_INFOPLIST_FILE = YES;
				MARKETING_VERSION = 1.0;
				PRODUCT_BUNDLE_IDENTIFIER = "Nothie.TreinaAi-Watch-Watch-AppUITests";
				PRODUCT_NAME = "$(TARGET_NAME)";
				SDKROOT = watchos;
				SWIFT_EMIT_LOC_STRINGS = NO;
				SWIFT_VERSION = 5.0;
				TARGETED_DEVICE_FAMILY = 4;
				TEST_TARGET_NAME = "TreinaAi Watch Watch App";
				WATCHOS_DEPLOYMENT_TARGET = 9.6;
			};
			name = Debug;
		};
		3BE33C1B2DFF5F980081BCDC /* Release */ = {
			isa = XCBuildConfiguration;
			buildSettings = {
				CODE_SIGN_STYLE = Automatic;
				CURRENT_PROJECT_VERSION = 1;
				DEVELOPMENT_TEAM = 7CS96QS973;
				GENERATE_INFOPLIST_FILE = YES;
				MARKETING_VERSION = 1.0;
				PRODUCT_BUNDLE_IDENTIFIER = "Nothie.TreinaAi-Watch-Watch-AppUITests";
				PRODUCT_NAME = "$(TARGET_NAME)";
				SDKROOT = watchos;
				SWIFT_EMIT_LOC_STRINGS = NO;
				SWIFT_VERSION = 5.0;
				TARGETED_DEVICE_FAMILY = 4;
				TEST_TARGET_NAME = "TreinaAi Watch Watch App";
				VALIDATE_PRODUCT = YES;
				WATCHOS_DEPLOYMENT_TARGET = 9.6;
			};
			name = Release;
		};
/* End XCBuildConfiguration section */

/* Begin XCConfigurationList section */
		3BE33BAB2DFF41DB0081BCDC /* Build configuration list for PBXProject "TreinaAi" */ = {
			isa = XCConfigurationList;
			buildConfigurations = (
				3BE33BD02DFF41DC0081BCDC /* Debug */,
				3BE33BD12DFF41DC0081BCDC /* Release */,
			);
			defaultConfigurationIsVisible = 0;
			defaultConfigurationName = Release;
		};
		3BE33BD22DFF41DC0081BCDC /* Build configuration list for PBXNativeTarget "TreinaAi" */ = {
			isa = XCConfigurationList;
			buildConfigurations = (
				3BE33BD32DFF41DC0081BCDC /* Debug */,
				3BE33BD42DFF41DC0081BCDC /* Release */,
			);
			defaultConfigurationIsVisible = 0;
			defaultConfigurationName = Release;
		};
		3BE33BD52DFF41DC0081BCDC /* Build configuration list for PBXNativeTarget "TreinaAiTests" */ = {
			isa = XCConfigurationList;
			buildConfigurations = (
				3BE33BD62DFF41DC0081BCDC /* Debug */,
				3BE33BD72DFF41DC0081BCDC /* Release */,
			);
			defaultConfigurationIsVisible = 0;
			defaultConfigurationName = Release;
		};
		3BE33BD82DFF41DC0081BCDC /* Build configuration list for PBXNativeTarget "TreinaAiUITests" */ = {
			isa = XCConfigurationList;
			buildConfigurations = (
				3BE33BD92DFF41DC0081BCDC /* Debug */,
				3BE33BDA2DFF41DC0081BCDC /* Release */,
			);
			defaultConfigurationIsVisible = 0;
			defaultConfigurationName = Release;
		};
		3BE33C122DFF5F980081BCDC /* Build configuration list for PBXNativeTarget "TreinaAi Watch Watch App" */ = {
			isa = XCConfigurationList;
			buildConfigurations = (
				3BE33C132DFF5F980081BCDC /* Debug */,
				3BE33C142DFF5F980081BCDC /* Release */,
			);
			defaultConfigurationIsVisible = 0;
			defaultConfigurationName = Release;
		};
		3BE33C162DFF5F980081BCDC /* Build configuration list for PBXNativeTarget "TreinaAi Watch Watch AppTests" */ = {
			isa = XCConfigurationList;
			buildConfigurations = (
				3BE33C172DFF5F980081BCDC /* Debug */,
				3BE33C182DFF5F980081BCDC /* Release */,
			);
			defaultConfigurationIsVisible = 0;
			defaultConfigurationName = Release;
		};
		3BE33C192DFF5F980081BCDC /* Build configuration list for PBXNativeTarget "TreinaAi Watch Watch AppUITests" */ = {
			isa = XCConfigurationList;
			buildConfigurations = (
				3BE33C1A2DFF5F980081BCDC /* Debug */,
				3BE33C1B2DFF5F980081BCDC /* Release */,
			);
			defaultConfigurationIsVisible = 0;
			defaultConfigurationName = Release;
		};
/* End XCConfigurationList section */
	};
	rootObject = 3BE33BA82DFF41DB0081BCDC /* Project object */;
}
